# This file is automatically @generated by Cargo.
# It is not intended for manual editing.
version = 4

[[package]]
name = "rift-cli"
version = "0.1.0"
dependencies = [
 "rift-core",
]

[[package]]
name = "rift-core"
version = "0.1.0"

[[package]]
name = "rift-server"
version = "0.1.0"
dependencies = [
 "rift-core",
]
